
Microsoft Visual Studio Solution File, Format Version 12.00
# Visual Studio Version 17
VisualStudioVersion = 17.9.34616.47
MinimumVisualStudioVersion = 10.0.40219.1
Project("{8BC9CEB8-8B4A-11D0-8D11-00A0C91BC942}") = "enigmacpp", "enigmacpp\enigmacpp.vcxproj", "{8B929718-262D-4BD9-8360-7C60C2DF6B94}"
EndProject
Project("{8BC9CEB8-8B4A-11D0-8D11-00A0C91BC942}") = "unittests", "unittests\unittests.vcxproj", "{76FAEC29-A2D3-4861-89D6-D16AF35ED91D}"
EndProject
Global
	GlobalSection(SolutionConfigurationPlatforms) = preSolution
		Debug|x64 = Debug|x64
		Debug|x86 = Debug|x86
		Release|x64 = Release|x64
		Release|x86 = Release|x86
	EndGlobalSection
	GlobalSection(ProjectConfigurationPlatforms) = postSolution
		{8B929718-262D-4BD9-8360-7C60C2DF6B94}.Debug|x64.ActiveCfg = Debug|x64
		{8B929718-262D-4BD9-8360-7C60C2DF6B94}.Debug|x64.Build.0 = Debug|x64
		{8B929718-262D-4BD9-8360-7C60C2DF6B94}.Debug|x86.ActiveCfg = Debug|Win32
		{8B929718-262D-4BD9-8360-7C60C2DF6B94}.Debug|x86.Build.0 = Debug|Win32
		{8B929718-262D-4BD9-8360-7C60C2DF6B94}.Release|x64.ActiveCfg = Release|x64
		{8B929718-262D-4BD9-8360-7C60C2DF6B94}.Release|x64.Build.0 = Release|x64
		{8B929718-262D-4BD9-8360-7C60C2DF6B94}.Release|x86.ActiveCfg = Release|Win32
		{8B929718-262D-4BD9-8360-7C60C2DF6B94}.Release|x86.Build.0 = Release|Win32
		{76FAEC29-A2D3-4861-89D6-D16AF35ED91D}.Debug|x64.ActiveCfg = Debug|x64
		{76FAEC29-A2D3-4861-89D6-D16AF35ED91D}.Debug|x64.Build.0 = Debug|x64
		{76FAEC29-A2D3-4861-89D6-D16AF35ED91D}.Debug|x86.ActiveCfg = Debug|Win32
		{76FAEC29-A2D3-4861-89D6-D16AF35ED91D}.Debug|x86.Build.0 = Debug|Win32
		{76FAEC29-A2D3-4861-89D6-D16AF35ED91D}.Release|x64.ActiveCfg = Release|x64
		{76FAEC29-A2D3-4861-89D6-D16AF35ED91D}.Release|x64.Build.0 = Release|x64
		{76FAEC29-A2D3-4861-89D6-D16AF35ED91D}.Release|x86.ActiveCfg = Release|Win32
		{76FAEC29-A2D3-4861-89D6-D16AF35ED91D}.Release|x86.Build.0 = Release|Win32
	EndGlobalSection
	GlobalSection(SolutionProperties) = preSolution
		HideSolutionNode = FALSE
	EndGlobalSection
	GlobalSection(ExtensibilityGlobals) = postSolution
		SolutionGuid = {C53A2CF7-A8E2-4B6C-896A-84C6EE781D1A}
	EndGlobalSection
EndGlobal
